
Microsoft Visual Studio Solution File, Format Version 12.00
# Visual Studio 14
VisualStudioVersion = 14.0.24720.0
MinimumVisualStudioVersion = 10.0.40219.1
Project("{FAE04EC0-301F-11D3-BF4B-00C04F79EFBC}") = "SenseNet.Client", "SenseNet.Client\SenseNet.Client.csproj", "{4365B680-7F7A-4694-8419-A51A1B8F8DD4}"
EndProject
Project("{FAE04EC0-301F-11D3-BF4B-00C04F79EFBC}") = "SenseNet.Client.Tests", "SenseNet.Client.Tests\SenseNet.Client.Tests.csproj", "{3FDD383D-7A45-4AAB-BBE0-BA34A7F825C6}"
EndProject
Global
	GlobalSection(SolutionConfigurationPlatforms) = preSolution
		Debug|Any CPU = Debug|Any CPU
		Release|Any CPU = Release|Any CPU
	EndGlobalSection
	GlobalSection(ProjectConfigurationPlatforms) = postSolution
		{4365B680-7F7A-4694-8419-A51A1B8F8DD4}.Debug|Any CPU.ActiveCfg = Debug|Any CPU
		{4365B680-7F7A-4694-8419-A51A1B8F8DD4}.Debug|Any CPU.Build.0 = Debug|Any CPU
		{4365B680-7F7A-4694-8419-A51A1B8F8DD4}.Release|Any CPU.ActiveCfg = Release|Any CPU
		{4365B680-7F7A-4694-8419-A51A1B8F8DD4}.Release|Any CPU.Build.0 = Release|Any CPU
		{3FDD383D-7A45-4AAB-BBE0-BA34A7F825C6}.Debug|Any CPU.ActiveCfg = Debug|Any CPU
		{3FDD383D-7A45-4AAB-BBE0-BA34A7F825C6}.Debug|Any CPU.Build.0 = Debug|Any CPU
		{3FDD383D-7A45-4AAB-BBE0-BA34A7F825C6}.Release|Any CPU.ActiveCfg = Release|Any CPU
		{3FDD383D-7A45-4AAB-BBE0-BA34A7F825C6}.Release|Any CPU.Build.0 = Release|Any CPU
	EndGlobalSection
	GlobalSection(SolutionProperties) = preSolution
		HideSolutionNode = FALSE
	EndGlobalSection
EndGlobal
