
Microsoft Visual Studio Solution File, Format Version 12.00
# Visual Studio Version 17
VisualStudioVersion = 17.4.33213.308
MinimumVisualStudioVersion = 10.0.40219.1
Project("{9A19103F-16F7-4668-BE54-9A1E7A4F7556}") = "SenseNet.Client", "SenseNet.Client\SenseNet.Client.csproj", "{4365B680-7F7A-4694-8419-A51A1B8F8DD4}"
EndProject
Project("{9A19103F-16F7-4668-BE54-9A1E7A4F7556}") = "SenseNet.Client.Tests", "SenseNet.Client.Tests\SenseNet.Client.Tests.csproj", "{4D2FDF76-0A9D-492E-B804-0CB3344ADF10}"
EndProject
Project("{9A19103F-16F7-4668-BE54-9A1E7A4F7556}") = "SenseNet.Client.IntegrationTests", "SenseNet.Client.IntegrationTests\SenseNet.Client.IntegrationTests.csproj", "{56F6E703-FBB3-4062-A08A-2229BE625F69}"
EndProject
Project("{9A19103F-16F7-4668-BE54-9A1E7A4F7556}") = "SenseNet.Client.DemoConsole", "SenseNet.Client.DemoConsole\SenseNet.Client.DemoConsole.csproj", "{B75A2674-0332-43B3-AA1F-BBB1F87EDA18}"
EndProject
Global
	GlobalSection(SolutionConfigurationPlatforms) = preSolution
		Debug|Any CPU = Debug|Any CPU
		Release|Any CPU = Release|Any CPU
	EndGlobalSection
	GlobalSection(ProjectConfigurationPlatforms) = postSolution
		{4365B680-7F7A-4694-8419-A51A1B8F8DD4}.Debug|Any CPU.ActiveCfg = Debug|Any CPU
		{4365B680-7F7A-4694-8419-A51A1B8F8DD4}.Debug|Any CPU.Build.0 = Debug|Any CPU
		{4365B680-7F7A-4694-8419-A51A1B8F8DD4}.Release|Any CPU.ActiveCfg = Release|Any CPU
		{4365B680-7F7A-4694-8419-A51A1B8F8DD4}.Release|Any CPU.Build.0 = Release|Any CPU
		{4D2FDF76-0A9D-492E-B804-0CB3344ADF10}.Debug|Any CPU.ActiveCfg = Debug|Any CPU
		{4D2FDF76-0A9D-492E-B804-0CB3344ADF10}.Debug|Any CPU.Build.0 = Debug|Any CPU
		{4D2FDF76-0A9D-492E-B804-0CB3344ADF10}.Release|Any CPU.ActiveCfg = Release|Any CPU
		{4D2FDF76-0A9D-492E-B804-0CB3344ADF10}.Release|Any CPU.Build.0 = Release|Any CPU
		{56F6E703-FBB3-4062-A08A-2229BE625F69}.Debug|Any CPU.ActiveCfg = Debug|Any CPU
		{56F6E703-FBB3-4062-A08A-2229BE625F69}.Debug|Any CPU.Build.0 = Debug|Any CPU
		{56F6E703-FBB3-4062-A08A-2229BE625F69}.Release|Any CPU.ActiveCfg = Release|Any CPU
		{56F6E703-FBB3-4062-A08A-2229BE625F69}.Release|Any CPU.Build.0 = Release|Any CPU
		{B75A2674-0332-43B3-AA1F-BBB1F87EDA18}.Debug|Any CPU.ActiveCfg = Debug|Any CPU
		{B75A2674-0332-43B3-AA1F-BBB1F87EDA18}.Debug|Any CPU.Build.0 = Debug|Any CPU
		{B75A2674-0332-43B3-AA1F-BBB1F87EDA18}.Release|Any CPU.ActiveCfg = Release|Any CPU
		{B75A2674-0332-43B3-AA1F-BBB1F87EDA18}.Release|Any CPU.Build.0 = Release|Any CPU
	EndGlobalSection
	GlobalSection(SolutionProperties) = preSolution
		HideSolutionNode = FALSE
	EndGlobalSection
	GlobalSection(ExtensibilityGlobals) = postSolution
		SolutionGuid = {BE9A863B-6B9E-4290-95AF-5A3B823DB804}
	EndGlobalSection
EndGlobal
